
Microsoft Visual Studio Solution File, Format Version 12.00
# Visual Studio 2012
Project("{8BC9CEB8-8B4A-11D0-8D11-00A0C91BC942}") = "OpenGL_FinalProject", "OpenGL_FinalProject\OpenGL_FinalProject.vcxproj", "{77D6C8E1-FD0D-43BA-BC57-432CDB29A956}"
EndProject
Global
	GlobalSection(SolutionConfigurationPlatforms) = preSolution
		Debug|Win32 = Debug|Win32
		Release|Win32 = Release|Win32
	EndGlobalSection
	GlobalSection(ProjectConfigurationPlatforms) = postSolution
		{77D6C8E1-FD0D-43BA-BC57-432CDB29A956}.Debug|Win32.ActiveCfg = Debug|Win32
		{77D6C8E1-FD0D-43BA-BC57-432CDB29A956}.Debug|Win32.Build.0 = Debug|Win32
		{77D6C8E1-FD0D-43BA-BC57-432CDB29A956}.Release|Win32.ActiveCfg = Release|Win32
		{77D6C8E1-FD0D-43BA-BC57-432CDB29A956}.Release|Win32.Build.0 = Release|Win32
	EndGlobalSection
	GlobalSection(SolutionProperties) = preSolution
		HideSolutionNode = FALSE
	EndGlobalSection
EndGlobal
